
Microsoft Visual Studio Solution File, Format Version 12.00
# Visual Studio Version 16
VisualStudioVersion = 16.0.30517.126
MinimumVisualStudioVersion = 10.0.40219.1
Project("{9A19103F-16F7-4668-BE54-9A1E7A4F7556}") = "Lesson_01", "Lesson_01\Lesson_01.csproj", "{1A20BF71-AB62-4AD9-AB83-A02D1299BBBB}"
EndProject
Project("{9A19103F-16F7-4668-BE54-9A1E7A4F7556}") = "Lesson_02", "Lesson_02\Lesson_02.csproj", "{07A7FDF7-011D-473C-BEB0-E2652D983BB9}"
EndProject
Global
	GlobalSection(SolutionConfigurationPlatforms) = preSolution
		Debug|Any CPU = Debug|Any CPU
		Release|Any CPU = Release|Any CPU
	EndGlobalSection
	GlobalSection(ProjectConfigurationPlatforms) = postSolution
		{1A20BF71-AB62-4AD9-AB83-A02D1299BBBB}.Debug|Any CPU.ActiveCfg = Debug|Any CPU
		{1A20BF71-AB62-4AD9-AB83-A02D1299BBBB}.Debug|Any CPU.Build.0 = Debug|Any CPU
		{1A20BF71-AB62-4AD9-AB83-A02D1299BBBB}.Release|Any CPU.ActiveCfg = Release|Any CPU
		{1A20BF71-AB62-4AD9-AB83-A02D1299BBBB}.Release|Any CPU.Build.0 = Release|Any CPU
		{07A7FDF7-011D-473C-BEB0-E2652D983BB9}.Debug|Any CPU.ActiveCfg = Debug|Any CPU
		{07A7FDF7-011D-473C-BEB0-E2652D983BB9}.Debug|Any CPU.Build.0 = Debug|Any CPU
		{07A7FDF7-011D-473C-BEB0-E2652D983BB9}.Release|Any CPU.ActiveCfg = Release|Any CPU
		{07A7FDF7-011D-473C-BEB0-E2652D983BB9}.Release|Any CPU.Build.0 = Release|Any CPU
	EndGlobalSection
	GlobalSection(SolutionProperties) = preSolution
		HideSolutionNode = FALSE
	EndGlobalSection
	GlobalSection(ExtensibilityGlobals) = postSolution
		SolutionGuid = {3FF5AA4E-F9E3-404A-971D-5B66355F1FC1}
	EndGlobalSection
EndGlobal
