
Microsoft Visual Studio Solution File, Format Version 12.00
# Visual Studio Version 16
VisualStudioVersion = 16.0.30517.126
MinimumVisualStudioVersion = 10.0.40219.1
Project("{9A19103F-16F7-4668-BE54-9A1E7A4F7556}") = "Lesson_01", "Lesson_01\Lesson_01.csproj", "{09B8E903-95A7-40C3-8CF6-4F2C76C13D6A}"
EndProject
Project("{9A19103F-16F7-4668-BE54-9A1E7A4F7556}") = "Lesson_2", "Lesson_2\Lesson_2.csproj", "{4EB56254-F76B-4A93-AE45-4FED9D71D1D2}"
EndProject
Project("{9A19103F-16F7-4668-BE54-9A1E7A4F7556}") = "Lesson_2 (Homework)", "Lesson_2 (Homework)\Lesson_2 (Homework).csproj", "{FAB65AD2-3D78-4331-82AB-07C9E443A5D6}"
EndProject
Project("{9A19103F-16F7-4668-BE54-9A1E7A4F7556}") = "Lesson_03", "Lesson_03\Lesson_03.csproj", "{F2DFCB2A-30BE-4CE0-82E1-0871C9F7C4EC}"
EndProject
Project("{9A19103F-16F7-4668-BE54-9A1E7A4F7556}") = "Lesson_03(Homework)", "Lesson_03(Homework)\Lesson_03(Homework).csproj", "{F394B737-673D-49DD-823E-238011CBCE6A}"
EndProject
Project("{9A19103F-16F7-4668-BE54-9A1E7A4F7556}") = "Lesson_03 Homework 2", "Lesson_03 Homework 2\Lesson_03 Homework 2.csproj", "{FC62F2D3-4668-45CC-B797-2B2D57966031}"
EndProject
Project("{9A19103F-16F7-4668-BE54-9A1E7A4F7556}") = "Lesson_04", "Lesson_04\Lesson_04.csproj", "{C3964CC8-83D4-422E-9A52-9FABA7AF4161}"
EndProject
Project("{9A19103F-16F7-4668-BE54-9A1E7A4F7556}") = "Lesson_05", "Дуыыщт_05\Lesson_05.csproj", "{CD27E2F2-CAD3-4A50-BAF3-442ECB39CB0B}"
EndProject
Project("{9A19103F-16F7-4668-BE54-9A1E7A4F7556}") = "Lesson_06", "Дуыыщт_06\Lesson_06.csproj", "{3BABE1AE-9B25-4FAC-9B95-3B42260A8DDC}"
EndProject
Project("{9A19103F-16F7-4668-BE54-9A1E7A4F7556}") = "Lesson_07", "Lesson_07\Lesson_07.csproj", "{3119C7DE-A4AA-46BE-BC9A-A7718954345D}"
EndProject
Project("{9A19103F-16F7-4668-BE54-9A1E7A4F7556}") = "Lesson_08", "Lesson_08\Lesson_08.csproj", "{3831143F-BE99-4F20-B8D4-14E3C7315E83}"
EndProject
Project("{9A19103F-16F7-4668-BE54-9A1E7A4F7556}") = "ASSIGNMENT_POP", "ASSIGNMENT_POP\ASSIGNMENT_POP.csproj", "{AD9A7E6B-D4A2-4FCD-914E-CC1CD360384A}"
EndProject
Global
	GlobalSection(SolutionConfigurationPlatforms) = preSolution
		Debug|Any CPU = Debug|Any CPU
		Release|Any CPU = Release|Any CPU
	EndGlobalSection
	GlobalSection(ProjectConfigurationPlatforms) = postSolution
		{09B8E903-95A7-40C3-8CF6-4F2C76C13D6A}.Debug|Any CPU.ActiveCfg = Debug|Any CPU
		{09B8E903-95A7-40C3-8CF6-4F2C76C13D6A}.Debug|Any CPU.Build.0 = Debug|Any CPU
		{09B8E903-95A7-40C3-8CF6-4F2C76C13D6A}.Release|Any CPU.ActiveCfg = Release|Any CPU
		{09B8E903-95A7-40C3-8CF6-4F2C76C13D6A}.Release|Any CPU.Build.0 = Release|Any CPU
		{4EB56254-F76B-4A93-AE45-4FED9D71D1D2}.Debug|Any CPU.ActiveCfg = Debug|Any CPU
		{4EB56254-F76B-4A93-AE45-4FED9D71D1D2}.Debug|Any CPU.Build.0 = Debug|Any CPU
		{4EB56254-F76B-4A93-AE45-4FED9D71D1D2}.Release|Any CPU.ActiveCfg = Release|Any CPU
		{4EB56254-F76B-4A93-AE45-4FED9D71D1D2}.Release|Any CPU.Build.0 = Release|Any CPU
		{FAB65AD2-3D78-4331-82AB-07C9E443A5D6}.Debug|Any CPU.ActiveCfg = Debug|Any CPU
		{FAB65AD2-3D78-4331-82AB-07C9E443A5D6}.Debug|Any CPU.Build.0 = Debug|Any CPU
		{FAB65AD2-3D78-4331-82AB-07C9E443A5D6}.Release|Any CPU.ActiveCfg = Release|Any CPU
		{FAB65AD2-3D78-4331-82AB-07C9E443A5D6}.Release|Any CPU.Build.0 = Release|Any CPU
		{F2DFCB2A-30BE-4CE0-82E1-0871C9F7C4EC}.Debug|Any CPU.ActiveCfg = Debug|Any CPU
		{F2DFCB2A-30BE-4CE0-82E1-0871C9F7C4EC}.Debug|Any CPU.Build.0 = Debug|Any CPU
		{F2DFCB2A-30BE-4CE0-82E1-0871C9F7C4EC}.Release|Any CPU.ActiveCfg = Release|Any CPU
		{F2DFCB2A-30BE-4CE0-82E1-0871C9F7C4EC}.Release|Any CPU.Build.0 = Release|Any CPU
		{F394B737-673D-49DD-823E-238011CBCE6A}.Debug|Any CPU.ActiveCfg = Debug|Any CPU
		{F394B737-673D-49DD-823E-238011CBCE6A}.Debug|Any CPU.Build.0 = Debug|Any CPU
		{F394B737-673D-49DD-823E-238011CBCE6A}.Release|Any CPU.ActiveCfg = Release|Any CPU
		{F394B737-673D-49DD-823E-238011CBCE6A}.Release|Any CPU.Build.0 = Release|Any CPU
		{FC62F2D3-4668-45CC-B797-2B2D57966031}.Debug|Any CPU.ActiveCfg = Debug|Any CPU
		{FC62F2D3-4668-45CC-B797-2B2D57966031}.Debug|Any CPU.Build.0 = Debug|Any CPU
		{FC62F2D3-4668-45CC-B797-2B2D57966031}.Release|Any CPU.ActiveCfg = Release|Any CPU
		{FC62F2D3-4668-45CC-B797-2B2D57966031}.Release|Any CPU.Build.0 = Release|Any CPU
		{C3964CC8-83D4-422E-9A52-9FABA7AF4161}.Debug|Any CPU.ActiveCfg = Debug|Any CPU
		{C3964CC8-83D4-422E-9A52-9FABA7AF4161}.Debug|Any CPU.Build.0 = Debug|Any CPU
		{C3964CC8-83D4-422E-9A52-9FABA7AF4161}.Release|Any CPU.ActiveCfg = Release|Any CPU
		{C3964CC8-83D4-422E-9A52-9FABA7AF4161}.Release|Any CPU.Build.0 = Release|Any CPU
		{CD27E2F2-CAD3-4A50-BAF3-442ECB39CB0B}.Debug|Any CPU.ActiveCfg = Debug|Any CPU
		{CD27E2F2-CAD3-4A50-BAF3-442ECB39CB0B}.Debug|Any CPU.Build.0 = Debug|Any CPU
		{CD27E2F2-CAD3-4A50-BAF3-442ECB39CB0B}.Release|Any CPU.ActiveCfg = Release|Any CPU
		{CD27E2F2-CAD3-4A50-BAF3-442ECB39CB0B}.Release|Any CPU.Build.0 = Release|Any CPU
		{3BABE1AE-9B25-4FAC-9B95-3B42260A8DDC}.Debug|Any CPU.ActiveCfg = Debug|Any CPU
		{3BABE1AE-9B25-4FAC-9B95-3B42260A8DDC}.Debug|Any CPU.Build.0 = Debug|Any CPU
		{3BABE1AE-9B25-4FAC-9B95-3B42260A8DDC}.Release|Any CPU.ActiveCfg = Release|Any CPU
		{3BABE1AE-9B25-4FAC-9B95-3B42260A8DDC}.Release|Any CPU.Build.0 = Release|Any CPU
		{3119C7DE-A4AA-46BE-BC9A-A7718954345D}.Debug|Any CPU.ActiveCfg = Debug|Any CPU
		{3119C7DE-A4AA-46BE-BC9A-A7718954345D}.Debug|Any CPU.Build.0 = Debug|Any CPU
		{3119C7DE-A4AA-46BE-BC9A-A7718954345D}.Release|Any CPU.ActiveCfg = Release|Any CPU
		{3119C7DE-A4AA-46BE-BC9A-A7718954345D}.Release|Any CPU.Build.0 = Release|Any CPU
		{3831143F-BE99-4F20-B8D4-14E3C7315E83}.Debug|Any CPU.ActiveCfg = Debug|Any CPU
		{3831143F-BE99-4F20-B8D4-14E3C7315E83}.Debug|Any CPU.Build.0 = Debug|Any CPU
		{3831143F-BE99-4F20-B8D4-14E3C7315E83}.Release|Any CPU.ActiveCfg = Release|Any CPU
		{3831143F-BE99-4F20-B8D4-14E3C7315E83}.Release|Any CPU.Build.0 = Release|Any CPU
		{AD9A7E6B-D4A2-4FCD-914E-CC1CD360384A}.Debug|Any CPU.ActiveCfg = Debug|Any CPU
		{AD9A7E6B-D4A2-4FCD-914E-CC1CD360384A}.Debug|Any CPU.Build.0 = Debug|Any CPU
		{AD9A7E6B-D4A2-4FCD-914E-CC1CD360384A}.Release|Any CPU.ActiveCfg = Release|Any CPU
		{AD9A7E6B-D4A2-4FCD-914E-CC1CD360384A}.Release|Any CPU.Build.0 = Release|Any CPU
	EndGlobalSection
	GlobalSection(SolutionProperties) = preSolution
		HideSolutionNode = FALSE
	EndGlobalSection
	GlobalSection(ExtensibilityGlobals) = postSolution
		SolutionGuid = {3C66582C-F757-4CE9-B730-34591B8B4126}
	EndGlobalSection
EndGlobal
